
Microsoft Visual Studio Solution File, Format Version 12.00
# Visual Studio Version 16
VisualStudioVersion = 16.0.29215.179
MinimumVisualStudioVersion = 10.0.40219.1
Project("{FAE04EC0-301F-11D3-BF4B-00C04F79EFBC}") = "Sorting v2", "Sorting v2\Sorting v2.csproj", "{77589A69-64AC-45A2-A138-7727B7F68140}"
EndProject
Global
	GlobalSection(SolutionConfigurationPlatforms) = preSolution
		Debug|Any CPU = Debug|Any CPU
		Release|Any CPU = Release|Any CPU
	EndGlobalSection
	GlobalSection(ProjectConfigurationPlatforms) = postSolution
		{77589A69-64AC-45A2-A138-7727B7F68140}.Debug|Any CPU.ActiveCfg = Debug|Any CPU
		{77589A69-64AC-45A2-A138-7727B7F68140}.Debug|Any CPU.Build.0 = Debug|Any CPU
		{77589A69-64AC-45A2-A138-7727B7F68140}.Release|Any CPU.ActiveCfg = Release|Any CPU
		{77589A69-64AC-45A2-A138-7727B7F68140}.Release|Any CPU.Build.0 = Release|Any CPU
	EndGlobalSection
	GlobalSection(SolutionProperties) = preSolution
		HideSolutionNode = FALSE
	EndGlobalSection
	GlobalSection(ExtensibilityGlobals) = postSolution
		SolutionGuid = {5785A45D-1641-4449-B97E-4B4529AE32B8}
	EndGlobalSection
EndGlobal
